<?xml version="1.0" encoding="utf-8"?>
<Project ToolsVersion="4.0" xmlns="http://schemas.microsoft.com/developer/msbuild/2003">
  <ItemGroup>
    <Filter Include="Minerva">
      <UniqueIdentifier>{B76BF127-234B-70C3-2C63-FB9998C1D624}</UniqueIdentifier>
    </Filter>
  </ItemGroup>
  <ItemGroup>
    <ClInclude Include="src\Minerva.h" />
    <ClInclude Include="src\Minerva\Application.h">
      <Filter>Minerva</Filter>
    </ClInclude>
    <ClInclude Include="src\Minerva\Log.h">
      <Filter>Minerva</Filter>
    </ClInclude>
    <ClInclude Include="src\Minerva\core.h">
      <Filter>Minerva</Filter>
    </ClInclude>
    <ClInclude Include="src\Minerva\entry_point.h">
      <Filter>Minerva</Filter>
    </ClInclude>
  </ItemGroup>
  <ItemGroup>
    <ClCompile Include="src\Minerva\Application.cpp">
      <Filter>Minerva</Filter>
    </ClCompile>
    <ClCompile Include="src\Minerva\Log.cpp">
      <Filter>Minerva</Filter>
    </ClCompile>
  </ItemGroup>
</Project>